// !$*UTF8*$!
{
	archiveVersion = 1;
	classes = {
	};
	objectVersion = 46;
	objects = {

/* Begin PBXBuildFile section */
		79808B1918E3F20B00FC9544 /* 128.png in Resources */ = {isa = PBXBuildFile; fileRef = 79808B0F18E3F20B00FC9544 /* 128.png */; };
		79808B1A18E3F20B00FC9544 /* 128@2x.png in Resources */ = {isa = PBXBuildFile; fileRef = 79808B1018E3F20B00FC9544 /* 128@2x.png */; };
		79808B1B18E3F20B00FC9544 /* 16.png in Resources */ = {isa = PBXBuildFile; fileRef = 79808B1118E3F20B00FC9544 /* 16.png */; };
		79808B1C18E3F20B00FC9544 /* 16@2x.png in Resources */ = {isa = PBXBuildFile; fileRef = 79808B1218E3F20B00FC9544 /* 16@2x.png */; };
		79808B1D18E3F20B00FC9544 /* 256.png in Resources */ = {isa = PBXBuildFile; fileRef = 79808B1318E3F20B00FC9544 /* 256.png */; };
		79808B1E18E3F20B00FC9544 /* 256@2x.png in Resources */ = {isa = PBXBuildFile; fileRef = 79808B1418E3F20B00FC9544 /* 256@2x.png */; };
		79808B1F18E3F20B00FC9544 /* 32.png in Resources */ = {isa = PBXBuildFile; fileRef = 79808B1518E3F20B00FC9544 /* 32.png */; };
		79808B2018E3F20B00FC9544 /* 32@2x.png in Resources */ = {isa = PBXBuildFile; fileRef = 79808B1618E3F20B00FC9544 /* 32@2x.png */; };
		79808B2118E3F20B00FC9544 /* 512.png in Resources */ = {isa = PBXBuildFile; fileRef = 79808B1718E3F20B00FC9544 /* 512.png */; };
		79808B2218E3F20B00FC9544 /* 512@2x.png in Resources */ = {isa = PBXBuildFile; fileRef = 79808B1818E3F20B00FC9544 /* 512@2x.png */; };
		79AC5D0F18FE182A00DC0B4C /* UnicodeViewController.m in Sources */ = {isa = PBXBuildFile; fileRef = 79AC5D0D18FE182A00DC0B4C /* UnicodeViewController.m */; };
		79AC5D1018FE182A00DC0B4C /* UnicodeViewController.xib in Resources */ = {isa = PBXBuildFile; fileRef = 79AC5D0E18FE182A00DC0B4C /* UnicodeViewController.xib */; };
		79AC5D1418FE1C8E00DC0B4C /* CrashFormatViewController.m in Sources */ = {isa = PBXBuildFile; fileRef = 79AC5D1218FE1C8E00DC0B4C /* CrashFormatViewController.m */; };
		79AC5D1518FE1C8E00DC0B4C /* CrashFormatViewController.xib in Resources */ = {isa = PBXBuildFile; fileRef = 79AC5D1318FE1C8E00DC0B4C /* CrashFormatViewController.xib */; };
		79DCAF0418E18E5A001BA321 /* UrlCodingViewController.m in Sources */ = {isa = PBXBuildFile; fileRef = 79DCAF0218E18E5A001BA321 /* UrlCodingViewController.m */; };
		79DCAF0518E18E5A001BA321 /* UrlCodingViewController.xib in Resources */ = {isa = PBXBuildFile; fileRef = 79DCAF0318E18E5A001BA321 /* UrlCodingViewController.xib */; };
		79DCAF0E18E193C0001BA321 /* JSONFormatViewController.m in Sources */ = {isa = PBXBuildFile; fileRef = 79DCAF0C18E193C0001BA321 /* JSONFormatViewController.m */; };
		79DCAF0F18E193C0001BA321 /* JSONFormatViewController.xib in Resources */ = {isa = PBXBuildFile; fileRef = 79DCAF0D18E193C0001BA321 /* JSONFormatViewController.xib */; };
		79F672741941C4870000FFBA /* PushViewController.m in Sources */ = {isa = PBXBuildFile; fileRef = 79F672721941C4870000FFBA /* PushViewController.m */; };
		79F672751941C4870000FFBA /* PushViewController.xib in Resources */ = {isa = PBXBuildFile; fileRef = 79F672731941C4870000FFBA /* PushViewController.xib */; };
		DD3D326918E0701700962ACE /* Cocoa.framework in Frameworks */ = {isa = PBXBuildFile; fileRef = DD3D326818E0701700962ACE /* Cocoa.framework */; };
		DD3D327318E0701700962ACE /* InfoPlist.strings in Resources */ = {isa = PBXBuildFile; fileRef = DD3D327118E0701700962ACE /* InfoPlist.strings */; };
		DD3D327518E0701700962ACE /* main.m in Sources */ = {isa = PBXBuildFile; fileRef = DD3D327418E0701700962ACE /* main.m */; };
		DD3D327918E0701700962ACE /* Credits.rtf in Resources */ = {isa = PBXBuildFile; fileRef = DD3D327718E0701700962ACE /* Credits.rtf */; };
		DD3D327C18E0701700962ACE /* AppDelegate.m in Sources */ = {isa = PBXBuildFile; fileRef = DD3D327B18E0701700962ACE /* AppDelegate.m */; };
		DD3D327F18E0701700962ACE /* MainMenu.xib in Resources */ = {isa = PBXBuildFile; fileRef = DD3D327D18E0701700962ACE /* MainMenu.xib */; };
		DD3D328118E0701700962ACE /* Images.xcassets in Resources */ = {isa = PBXBuildFile; fileRef = DD3D328018E0701700962ACE /* Images.xcassets */; };
		DD3D328818E0701700962ACE /* XCTest.framework in Frameworks */ = {isa = PBXBuildFile; fileRef = DD3D328718E0701700962ACE /* XCTest.framework */; };
		DD3D328918E0701700962ACE /* Cocoa.framework in Frameworks */ = {isa = PBXBuildFile; fileRef = DD3D326818E0701700962ACE /* Cocoa.framework */; };
		DD3D329118E0701700962ACE /* InfoPlist.strings in Resources */ = {isa = PBXBuildFile; fileRef = DD3D328F18E0701700962ACE /* InfoPlist.strings */; };
		DD3D329318E0701700962ACE /* ToolsTests.m in Sources */ = {isa = PBXBuildFile; fileRef = DD3D329218E0701700962ACE /* ToolsTests.m */; };
		DD3D32A418E0716F00962ACE /* RootViewController.m in Sources */ = {isa = PBXBuildFile; fileRef = DD3D32A218E0716F00962ACE /* RootViewController.m */; };
		DD3D32A518E0716F00962ACE /* RootViewController.xib in Resources */ = {isa = PBXBuildFile; fileRef = DD3D32A318E0716F00962ACE /* RootViewController.xib */; };
		DD3D32A918E0734900962ACE /* DateViewController.m in Sources */ = {isa = PBXBuildFile; fileRef = DD3D32A718E0734900962ACE /* DateViewController.m */; };
		DD3D32AA18E0734900962ACE /* DateViewController.xib in Resources */ = {isa = PBXBuildFile; fileRef = DD3D32A818E0734900962ACE /* DateViewController.xib */; };
/* End PBXBuildFile section */

/* Begin PBXContainerItemProxy section */
		DD3D328A18E0701700962ACE /* PBXContainerItemProxy */ = {
			isa = PBXContainerItemProxy;
			containerPortal = DD3D325D18E0701700962ACE /* Project object */;
			proxyType = 1;
			remoteGlobalIDString = DD3D326418E0701700962ACE;
			remoteInfo = Tools;
		};
/* End PBXContainerItemProxy section */

/* Begin PBXFileReference section */
		79808B0F18E3F20B00FC9544 /* 128.png */ = {isa = PBXFileReference; lastKnownFileType = image.png; path = 128.png; sourceTree = "<group>"; };
		79808B1018E3F20B00FC9544 /* 128@2x.png */ = {isa = PBXFileReference; lastKnownFileType = image.png; path = "128@2x.png"; sourceTree = "<group>"; };
		79808B1118E3F20B00FC9544 /* 16.png */ = {isa = PBXFileReference; lastKnownFileType = image.png; path = 16.png; sourceTree = "<group>"; };
		79808B1218E3F20B00FC9544 /* 16@2x.png */ = {isa = PBXFileReference; lastKnownFileType = image.png; path = "16@2x.png"; sourceTree = "<group>"; };
		79808B1318E3F20B00FC9544 /* 256.png */ = {isa = PBXFileReference; lastKnownFileType = image.png; path = 256.png; sourceTree = "<group>"; };
		79808B1418E3F20B00FC9544 /* 256@2x.png */ = {isa = PBXFileReference; lastKnownFileType = image.png; path = "256@2x.png"; sourceTree = "<group>"; };
		79808B1518E3F20B00FC9544 /* 32.png */ = {isa = PBXFileReference; lastKnownFileType = image.png; path = 32.png; sourceTree = "<group>"; };
		79808B1618E3F20B00FC9544 /* 32@2x.png */ = {isa = PBXFileReference; lastKnownFileType = image.png; path = "32@2x.png"; sourceTree = "<group>"; };
		79808B1718E3F20B00FC9544 /* 512.png */ = {isa = PBXFileReference; lastKnownFileType = image.png; path = 512.png; sourceTree = "<group>"; };
		79808B1818E3F20B00FC9544 /* 512@2x.png */ = {isa = PBXFileReference; lastKnownFileType = image.png; path = "512@2x.png"; sourceTree = "<group>"; };
		79AC5D0C18FE182A00DC0B4C /* UnicodeViewController.h */ = {isa = PBXFileReference; fileEncoding = 4; lastKnownFileType = sourcecode.c.h; path = UnicodeViewController.h; sourceTree = "<group>"; };
		79AC5D0D18FE182A00DC0B4C /* UnicodeViewController.m */ = {isa = PBXFileReference; fileEncoding = 4; lastKnownFileType = sourcecode.c.objc; path = UnicodeViewController.m; sourceTree = "<group>"; };
		79AC5D0E18FE182A00DC0B4C /* UnicodeViewController.xib */ = {isa = PBXFileReference; fileEncoding = 4; lastKnownFileType = file.xib; path = UnicodeViewController.xib; sourceTree = "<group>"; };
		79AC5D1118FE1C8E00DC0B4C /* CrashFormatViewController.h */ = {isa = PBXFileReference; fileEncoding = 4; lastKnownFileType = sourcecode.c.h; path = CrashFormatViewController.h; sourceTree = "<group>"; };
		79AC5D1218FE1C8E00DC0B4C /* CrashFormatViewController.m */ = {isa = PBXFileReference; fileEncoding = 4; lastKnownFileType = sourcecode.c.objc; path = CrashFormatViewController.m; sourceTree = "<group>"; };
		79AC5D1318FE1C8E00DC0B4C /* CrashFormatViewController.xib */ = {isa = PBXFileReference; fileEncoding = 4; lastKnownFileType = file.xib; path = CrashFormatViewController.xib; sourceTree = "<group>"; };
		79DCAF0118E18E5A001BA321 /* UrlCodingViewController.h */ = {isa = PBXFileReference; fileEncoding = 4; lastKnownFileType = sourcecode.c.h; path = UrlCodingViewController.h; sourceTree = "<group>"; };
		79DCAF0218E18E5A001BA321 /* UrlCodingViewController.m */ = {isa = PBXFileReference; fileEncoding = 4; lastKnownFileType = sourcecode.c.objc; path = UrlCodingViewController.m; sourceTree = "<group>"; };
		79DCAF0318E18E5A001BA321 /* UrlCodingViewController.xib */ = {isa = PBXFileReference; fileEncoding = 4; lastKnownFileType = file.xib; path = UrlCodingViewController.xib; sourceTree = "<group>"; };
		79DCAF0B18E193C0001BA321 /* JSONFormatViewController.h */ = {isa = PBXFileReference; fileEncoding = 4; lastKnownFileType = sourcecode.c.h; path = JSONFormatViewController.h; sourceTree = "<group>"; };
		79DCAF0C18E193C0001BA321 /* JSONFormatViewController.m */ = {isa = PBXFileReference; fileEncoding = 4; lastKnownFileType = sourcecode.c.objc; path = JSONFormatViewController.m; sourceTree = "<group>"; };
		79DCAF0D18E193C0001BA321 /* JSONFormatViewController.xib */ = {isa = PBXFileReference; fileEncoding = 4; lastKnownFileType = file.xib; path = JSONFormatViewController.xib; sourceTree = "<group>"; };
		79F672711941C4870000FFBA /* PushViewController.h */ = {isa = PBXFileReference; fileEncoding = 4; lastKnownFileType = sourcecode.c.h; path = PushViewController.h; sourceTree = "<group>"; };
		79F672721941C4870000FFBA /* PushViewController.m */ = {isa = PBXFileReference; fileEncoding = 4; lastKnownFileType = sourcecode.c.objc; path = PushViewController.m; sourceTree = "<group>"; };
		79F672731941C4870000FFBA /* PushViewController.xib */ = {isa = PBXFileReference; fileEncoding = 4; lastKnownFileType = file.xib; path = PushViewController.xib; sourceTree = "<group>"; };
		DD3D326518E0701700962ACE /* Tools.app */ = {isa = PBXFileReference; explicitFileType = wrapper.application; includeInIndex = 0; path = Tools.app; sourceTree = BUILT_PRODUCTS_DIR; };
		DD3D326818E0701700962ACE /* Cocoa.framework */ = {isa = PBXFileReference; lastKnownFileType = wrapper.framework; name = Cocoa.framework; path = System/Library/Frameworks/Cocoa.framework; sourceTree = SDKROOT; };
		DD3D326B18E0701700962ACE /* AppKit.framework */ = {isa = PBXFileReference; lastKnownFileType = wrapper.framework; name = AppKit.framework; path = System/Library/Frameworks/AppKit.framework; sourceTree = SDKROOT; };
		DD3D326C18E0701700962ACE /* CoreData.framework */ = {isa = PBXFileReference; lastKnownFileType = wrapper.framework; name = CoreData.framework; path = System/Library/Frameworks/CoreData.framework; sourceTree = SDKROOT; };
		DD3D326D18E0701700962ACE /* Foundation.framework */ = {isa = PBXFileReference; lastKnownFileType = wrapper.framework; name = Foundation.framework; path = System/Library/Frameworks/Foundation.framework; sourceTree = SDKROOT; };
		DD3D327018E0701700962ACE /* Tools-Info.plist */ = {isa = PBXFileReference; lastKnownFileType = text.plist.xml; path = "Tools-Info.plist"; sourceTree = "<group>"; };
		DD3D327218E0701700962ACE /* en */ = {isa = PBXFileReference; lastKnownFileType = text.plist.strings; name = en; path = en.lproj/InfoPlist.strings; sourceTree = "<group>"; };
		DD3D327418E0701700962ACE /* main.m */ = {isa = PBXFileReference; lastKnownFileType = sourcecode.c.objc; path = main.m; sourceTree = "<group>"; };
		DD3D327618E0701700962ACE /* Tools-Prefix.pch */ = {isa = PBXFileReference; lastKnownFileType = sourcecode.c.h; path = "Tools-Prefix.pch"; sourceTree = "<group>"; };
		DD3D327818E0701700962ACE /* en */ = {isa = PBXFileReference; lastKnownFileType = text.rtf; name = en; path = en.lproj/Credits.rtf; sourceTree = "<group>"; };
		DD3D327A18E0701700962ACE /* AppDelegate.h */ = {isa = PBXFileReference; lastKnownFileType = sourcecode.c.h; path = AppDelegate.h; sourceTree = "<group>"; };
		DD3D327B18E0701700962ACE /* AppDelegate.m */ = {isa = PBXFileReference; lastKnownFileType = sourcecode.c.objc; path = AppDelegate.m; sourceTree = "<group>"; };
		DD3D327E18E0701700962ACE /* Base */ = {isa = PBXFileReference; lastKnownFileType = file.xib; name = Base; path = Base.lproj/MainMenu.xib; sourceTree = "<group>"; };
		DD3D328018E0701700962ACE /* Images.xcassets */ = {isa = PBXFileReference; lastKnownFileType = folder.assetcatalog; path = Images.xcassets; sourceTree = "<group>"; };
		DD3D328618E0701700962ACE /* ToolsTests.xctest */ = {isa = PBXFileReference; explicitFileType = wrapper.cfbundle; includeInIndex = 0; path = ToolsTests.xctest; sourceTree = BUILT_PRODUCTS_DIR; };
		DD3D328718E0701700962ACE /* XCTest.framework */ = {isa = PBXFileReference; lastKnownFileType = wrapper.framework; name = XCTest.framework; path = Library/Frameworks/XCTest.framework; sourceTree = DEVELOPER_DIR; };
		DD3D328E18E0701700962ACE /* ToolsTests-Info.plist */ = {isa = PBXFileReference; lastKnownFileType = text.plist.xml; path = "ToolsTests-Info.plist"; sourceTree = "<group>"; };
		DD3D329018E0701700962ACE /* en */ = {isa = PBXFileReference; lastKnownFileType = text.plist.strings; name = en; path = en.lproj/InfoPlist.strings; sourceTree = "<group>"; };
		DD3D329218E0701700962ACE /* ToolsTests.m */ = {isa = PBXFileReference; lastKnownFileType = sourcecode.c.objc; path = ToolsTests.m; sourceTree = "<group>"; };
		DD3D32A118E0716F00962ACE /* RootViewController.h */ = {isa = PBXFileReference; fileEncoding = 4; lastKnownFileType = sourcecode.c.h; path = RootViewController.h; sourceTree = "<group>"; };
		DD3D32A218E0716F00962ACE /* RootViewController.m */ = {isa = PBXFileReference; fileEncoding = 4; lastKnownFileType = sourcecode.c.objc; path = RootViewController.m; sourceTree = "<group>"; };
		DD3D32A318E0716F00962ACE /* RootViewController.xib */ = {isa = PBXFileReference; fileEncoding = 4; lastKnownFileType = file.xib; path = RootViewController.xib; sourceTree = "<group>"; };
		DD3D32A618E0734900962ACE /* DateViewController.h */ = {isa = PBXFileReference; fileEncoding = 4; lastKnownFileType = sourcecode.c.h; path = DateViewController.h; sourceTree = "<group>"; };
		DD3D32A718E0734900962ACE /* DateViewController.m */ = {isa = PBXFileReference; fileEncoding = 4; lastKnownFileType = sourcecode.c.objc; path = DateViewController.m; sourceTree = "<group>"; };
		DD3D32A818E0734900962ACE /* DateViewController.xib */ = {isa = PBXFileReference; fileEncoding = 4; lastKnownFileType = file.xib; path = DateViewController.xib; sourceTree = "<group>"; };
/* End PBXFileReference section */

/* Begin PBXFrameworksBuildPhase section */
		DD3D326218E0701700962ACE /* Frameworks */ = {
			isa = PBXFrameworksBuildPhase;
			buildActionMask = 2147483647;
			files = (
				DD3D326918E0701700962ACE /* Cocoa.framework in Frameworks */,
			);
			runOnlyForDeploymentPostprocessing = 0;
		};
		DD3D328318E0701700962ACE /* Frameworks */ = {
			isa = PBXFrameworksBuildPhase;
			buildActionMask = 2147483647;
			files = (
				DD3D328918E0701700962ACE /* Cocoa.framework in Frameworks */,
				DD3D328818E0701700962ACE /* XCTest.framework in Frameworks */,
			);
			runOnlyForDeploymentPostprocessing = 0;
		};
/* End PBXFrameworksBuildPhase section */

/* Begin PBXGroup section */
		79808B0E18E3F20B00FC9544 /* Images */ = {
			isa = PBXGroup;
			children = (
				79808B0F18E3F20B00FC9544 /* 128.png */,
				79808B1018E3F20B00FC9544 /* 128@2x.png */,
				79808B1118E3F20B00FC9544 /* 16.png */,
				79808B1218E3F20B00FC9544 /* 16@2x.png */,
				79808B1318E3F20B00FC9544 /* 256.png */,
				79808B1418E3F20B00FC9544 /* 256@2x.png */,
				79808B1518E3F20B00FC9544 /* 32.png */,
				79808B1618E3F20B00FC9544 /* 32@2x.png */,
				79808B1718E3F20B00FC9544 /* 512.png */,
				79808B1818E3F20B00FC9544 /* 512@2x.png */,
			);
			path = Images;
			sourceTree = "<group>";
		};
		DD3D325C18E0701700962ACE = {
			isa = PBXGroup;
			children = (
				DD3D326E18E0701700962ACE /* Tools */,
				DD3D328C18E0701700962ACE /* ToolsTests */,
				DD3D326718E0701700962ACE /* Frameworks */,
				DD3D326618E0701700962ACE /* Products */,
			);
			sourceTree = "<group>";
		};
		DD3D326618E0701700962ACE /* Products */ = {
			isa = PBXGroup;
			children = (
				DD3D326518E0701700962ACE /* Tools.app */,
				DD3D328618E0701700962ACE /* ToolsTests.xctest */,
			);
			name = Products;
			sourceTree = "<group>";
		};
		DD3D326718E0701700962ACE /* Frameworks */ = {
			isa = PBXGroup;
			children = (
				DD3D326818E0701700962ACE /* Cocoa.framework */,
				DD3D328718E0701700962ACE /* XCTest.framework */,
				DD3D326A18E0701700962ACE /* Other Frameworks */,
			);
			name = Frameworks;
			sourceTree = "<group>";
		};
		DD3D326A18E0701700962ACE /* Other Frameworks */ = {
			isa = PBXGroup;
			children = (
				DD3D326B18E0701700962ACE /* AppKit.framework */,
				DD3D326C18E0701700962ACE /* CoreData.framework */,
				DD3D326D18E0701700962ACE /* Foundation.framework */,
			);
			name = "Other Frameworks";
			sourceTree = "<group>";
		};
		DD3D326E18E0701700962ACE /* Tools */ = {
			isa = PBXGroup;
			children = (
				DD3D32A018E0715900962ACE /* ViewControllers */,
				DD3D327A18E0701700962ACE /* AppDelegate.h */,
				DD3D327B18E0701700962ACE /* AppDelegate.m */,
				DD3D327D18E0701700962ACE /* MainMenu.xib */,
				DD3D328018E0701700962ACE /* Images.xcassets */,
				DD3D326F18E0701700962ACE /* Supporting Files */,
			);
			path = Tools;
			sourceTree = "<group>";
		};
		DD3D326F18E0701700962ACE /* Supporting Files */ = {
			isa = PBXGroup;
			children = (
				79808B0E18E3F20B00FC9544 /* Images */,
				DD3D327018E0701700962ACE /* Tools-Info.plist */,
				DD3D327118E0701700962ACE /* InfoPlist.strings */,
				DD3D327418E0701700962ACE /* main.m */,
				DD3D327618E0701700962ACE /* Tools-Prefix.pch */,
				DD3D327718E0701700962ACE /* Credits.rtf */,
			);
			name = "Supporting Files";
			sourceTree = "<group>";
		};
		DD3D328C18E0701700962ACE /* ToolsTests */ = {
			isa = PBXGroup;
			children = (
				DD3D329218E0701700962ACE /* ToolsTests.m */,
				DD3D328D18E0701700962ACE /* Supporting Files */,
			);
			path = ToolsTests;
			sourceTree = "<group>";
		};
		DD3D328D18E0701700962ACE /* Supporting Files */ = {
			isa = PBXGroup;
			children = (
				DD3D328E18E0701700962ACE /* ToolsTests-Info.plist */,
				DD3D328F18E0701700962ACE /* InfoPlist.strings */,
			);
			name = "Supporting Files";
			sourceTree = "<group>";
		};
		DD3D32A018E0715900962ACE /* ViewControllers */ = {
			isa = PBXGroup;
			children = (
				DD3D32A118E0716F00962ACE /* RootViewController.h */,
				DD3D32A218E0716F00962ACE /* RootViewController.m */,
				DD3D32A318E0716F00962ACE /* RootViewController.xib */,
				DD3D32A618E0734900962ACE /* DateViewController.h */,
				DD3D32A718E0734900962ACE /* DateViewController.m */,
				DD3D32A818E0734900962ACE /* DateViewController.xib */,
				79DCAF0118E18E5A001BA321 /* UrlCodingViewController.h */,
				79DCAF0218E18E5A001BA321 /* UrlCodingViewController.m */,
				79DCAF0318E18E5A001BA321 /* UrlCodingViewController.xib */,
				79DCAF0B18E193C0001BA321 /* JSONFormatViewController.h */,
				79DCAF0C18E193C0001BA321 /* JSONFormatViewController.m */,
				79DCAF0D18E193C0001BA321 /* JSONFormatViewController.xib */,
				79AC5D0C18FE182A00DC0B4C /* UnicodeViewController.h */,
				79AC5D0D18FE182A00DC0B4C /* UnicodeViewController.m */,
				79AC5D0E18FE182A00DC0B4C /* UnicodeViewController.xib */,
				79AC5D1118FE1C8E00DC0B4C /* CrashFormatViewController.h */,
				79AC5D1218FE1C8E00DC0B4C /* CrashFormatViewController.m */,
				79AC5D1318FE1C8E00DC0B4C /* CrashFormatViewController.xib */,
				79F672711941C4870000FFBA /* PushViewController.h */,
				79F672721941C4870000FFBA /* PushViewController.m */,
				79F672731941C4870000FFBA /* PushViewController.xib */,
			);
			path = ViewControllers;
			sourceTree = "<group>";
		};
/* End PBXGroup section */

/* Begin PBXNativeTarget section */
		DD3D326418E0701700962ACE /* Tools */ = {
			isa = PBXNativeTarget;
			buildConfigurationList = DD3D329618E0701700962ACE /* Build configuration list for PBXNativeTarget "Tools" */;
			buildPhases = (
				DD3D326118E0701700962ACE /* Sources */,
				DD3D326218E0701700962ACE /* Frameworks */,
				DD3D326318E0701700962ACE /* Resources */,
			);
			buildRules = (
			);
			dependencies = (
			);
			name = Tools;
			productName = Tools;
			productReference = DD3D326518E0701700962ACE /* Tools.app */;
			productType = "com.apple.product-type.application";
		};
		DD3D328518E0701700962ACE /* ToolsTests */ = {
			isa = PBXNativeTarget;
			buildConfigurationList = DD3D329918E0701700962ACE /* Build configuration list for PBXNativeTarget "ToolsTests" */;
			buildPhases = (
				DD3D328218E0701700962ACE /* Sources */,
				DD3D328318E0701700962ACE /* Frameworks */,
				DD3D328418E0701700962ACE /* Resources */,
			);
			buildRules = (
			);
			dependencies = (
				DD3D328B18E0701700962ACE /* PBXTargetDependency */,
			);
			name = ToolsTests;
			productName = ToolsTests;
			productReference = DD3D328618E0701700962ACE /* ToolsTests.xctest */;
			productType = "com.apple.product-type.bundle.unit-test";
		};
/* End PBXNativeTarget section */

/* Begin PBXProject section */
		DD3D325D18E0701700962ACE /* Project object */ = {
			isa = PBXProject;
			attributes = {
				LastUpgradeCheck = 0510;
				ORGANIZATIONNAME = Dawn;
				TargetAttributes = {
					DD3D328518E0701700962ACE = {
						TestTargetID = DD3D326418E0701700962ACE;
					};
				};
			};
			buildConfigurationList = DD3D326018E0701700962ACE /* Build configuration list for PBXProject "Tools" */;
			compatibilityVersion = "Xcode 3.2";
			developmentRegion = English;
			hasScannedForEncodings = 0;
			knownRegions = (
				en,
				Base,
			);
			mainGroup = DD3D325C18E0701700962ACE;
			productRefGroup = DD3D326618E0701700962ACE /* Products */;
			projectDirPath = "";
			projectRoot = "";
			targets = (
				DD3D326418E0701700962ACE /* Tools */,
				DD3D328518E0701700962ACE /* ToolsTests */,
			);
		};
/* End PBXProject section */

/* Begin PBXResourcesBuildPhase section */
		DD3D326318E0701700962ACE /* Resources */ = {
			isa = PBXResourcesBuildPhase;
			buildActionMask = 2147483647;
			files = (
				79808B1E18E3F20B00FC9544 /* 256@2x.png in Resources */,
				79808B1918E3F20B00FC9544 /* 128.png in Resources */,
				DD3D327318E0701700962ACE /* InfoPlist.strings in Resources */,
				DD3D328118E0701700962ACE /* Images.xcassets in Resources */,
				79F672751941C4870000FFBA /* PushViewController.xib in Resources */,
				DD3D32AA18E0734900962ACE /* DateViewController.xib in Resources */,
				79AC5D1018FE182A00DC0B4C /* UnicodeViewController.xib in Resources */,
				79808B1F18E3F20B00FC9544 /* 32.png in Resources */,
				79808B2118E3F20B00FC9544 /* 512.png in Resources */,
				79808B1A18E3F20B00FC9544 /* 128@2x.png in Resources */,
				79DCAF0518E18E5A001BA321 /* UrlCodingViewController.xib in Resources */,
				79808B2218E3F20B00FC9544 /* 512@2x.png in Resources */,
				79AC5D1518FE1C8E00DC0B4C /* CrashFormatViewController.xib in Resources */,
				DD3D32A518E0716F00962ACE /* RootViewController.xib in Resources */,
				79808B1B18E3F20B00FC9544 /* 16.png in Resources */,
				79808B1D18E3F20B00FC9544 /* 256.png in Resources */,
				79808B2018E3F20B00FC9544 /* 32@2x.png in Resources */,
				DD3D327918E0701700962ACE /* Credits.rtf in Resources */,
				79808B1C18E3F20B00FC9544 /* 16@2x.png in Resources */,
				DD3D327F18E0701700962ACE /* MainMenu.xib in Resources */,
				79DCAF0F18E193C0001BA321 /* JSONFormatViewController.xib in Resources */,
			);
			runOnlyForDeploymentPostprocessing = 0;
		};
		DD3D328418E0701700962ACE /* Resources */ = {
			isa = PBXResourcesBuildPhase;
			buildActionMask = 2147483647;
			files = (
				DD3D329118E0701700962ACE /* InfoPlist.strings in Resources */,
			);
			runOnlyForDeploymentPostprocessing = 0;
		};
/* End PBXResourcesBuildPhase section */

/* Begin PBXSourcesBuildPhase section */
		DD3D326118E0701700962ACE /* Sources */ = {
			isa = PBXSourcesBuildPhase;
			buildActionMask = 2147483647;
			files = (
				DD3D32A918E0734900962ACE /* DateViewController.m in Sources */,
				79AC5D0F18FE182A00DC0B4C /* UnicodeViewController.m in Sources */,
				79F672741941C4870000FFBA /* PushViewController.m in Sources */,
				DD3D327C18E0701700962ACE /* AppDelegate.m in Sources */,
				DD3D327518E0701700962ACE /* main.m in Sources */,
				DD3D32A418E0716F00962ACE /* RootViewController.m in Sources */,
				79DCAF0418E18E5A001BA321 /* UrlCodingViewController.m in Sources */,
				79DCAF0E18E193C0001BA321 /* JSONFormatViewController.m in Sources */,
				79AC5D1418FE1C8E00DC0B4C /* CrashFormatViewController.m in Sources */,
			);
			runOnlyForDeploymentPostprocessing = 0;
		};
		DD3D328218E0701700962ACE /* Sources */ = {
			isa = PBXSourcesBuildPhase;
			buildActionMask = 2147483647;
			files = (
				DD3D329318E0701700962ACE /* ToolsTests.m in Sources */,
			);
			runOnlyForDeploymentPostprocessing = 0;
		};
/* End PBXSourcesBuildPhase section */

/* Begin PBXTargetDependency section */
		DD3D328B18E0701700962ACE /* PBXTargetDependency */ = {
			isa = PBXTargetDependency;
			target = DD3D326418E0701700962ACE /* Tools */;
			targetProxy = DD3D328A18E0701700962ACE /* PBXContainerItemProxy */;
		};
/* End PBXTargetDependency section */

/* Begin PBXVariantGroup section */
		DD3D327118E0701700962ACE /* InfoPlist.strings */ = {
			isa = PBXVariantGroup;
			children = (
				DD3D327218E0701700962ACE /* en */,
			);
			name = InfoPlist.strings;
			sourceTree = "<group>";
		};
		DD3D327718E0701700962ACE /* Credits.rtf */ = {
			isa = PBXVariantGroup;
			children = (
				DD3D327818E0701700962ACE /* en */,
			);
			name = Credits.rtf;
			sourceTree = "<group>";
		};
		DD3D327D18E0701700962ACE /* MainMenu.xib */ = {
			isa = PBXVariantGroup;
			children = (
				DD3D327E18E0701700962ACE /* Base */,
			);
			name = MainMenu.xib;
			sourceTree = "<group>";
		};
		DD3D328F18E0701700962ACE /* InfoPlist.strings */ = {
			isa = PBXVariantGroup;
			children = (
				DD3D329018E0701700962ACE /* en */,
			);
			name = InfoPlist.strings;
			sourceTree = "<group>";
		};
/* End PBXVariantGroup section */

/* Begin XCBuildConfiguration section */
		DD3D329418E0701700962ACE /* Debug */ = {
			isa = XCBuildConfiguration;
			buildSettings = {
				ALWAYS_SEARCH_USER_PATHS = NO;
				CLANG_CXX_LANGUAGE_STANDARD = "gnu++0x";
				CLANG_CXX_LIBRARY = "libc++";
				CLANG_ENABLE_MODULES = YES;
				CLANG_ENABLE_OBJC_ARC = YES;
				CLANG_WARN_BOOL_CONVERSION = YES;
				CLANG_WARN_CONSTANT_CONVERSION = YES;
				CLANG_WARN_DIRECT_OBJC_ISA_USAGE = YES_ERROR;
				CLANG_WARN_EMPTY_BODY = YES;
				CLANG_WARN_ENUM_CONVERSION = YES;
				CLANG_WARN_INT_CONVERSION = YES;
				CLANG_WARN_OBJC_ROOT_CLASS = YES_ERROR;
				CLANG_WARN__DUPLICATE_METHOD_MATCH = YES;
				COPY_PHASE_STRIP = NO;
				GCC_C_LANGUAGE_STANDARD = gnu99;
				GCC_DYNAMIC_NO_PIC = NO;
				GCC_ENABLE_OBJC_EXCEPTIONS = YES;
				GCC_OPTIMIZATION_LEVEL = 0;
				GCC_PREPROCESSOR_DEFINITIONS = (
					"DEBUG=1",
					"$(inherited)",
				);
				GCC_SYMBOLS_PRIVATE_EXTERN = NO;
				GCC_WARN_64_TO_32_BIT_CONVERSION = YES;
				GCC_WARN_ABOUT_RETURN_TYPE = YES_ERROR;
				GCC_WARN_UNDECLARED_SELECTOR = YES;
				GCC_WARN_UNINITIALIZED_AUTOS = YES_AGGRESSIVE;
				GCC_WARN_UNUSED_FUNCTION = YES;
				GCC_WARN_UNUSED_VARIABLE = YES;
				MACOSX_DEPLOYMENT_TARGET = 10.8;
				ONLY_ACTIVE_ARCH = YES;
				SDKROOT = macosx;
			};
			name = Debug;
		};
		DD3D329518E0701700962ACE /* Release */ = {
			isa = XCBuildConfiguration;
			buildSettings = {
				ALWAYS_SEARCH_USER_PATHS = NO;
				CLANG_CXX_LANGUAGE_STANDARD = "gnu++0x";
				CLANG_CXX_LIBRARY = "libc++";
				CLANG_ENABLE_MODULES = YES;
				CLANG_ENABLE_OBJC_ARC = YES;
				CLANG_WARN_BOOL_CONVERSION = YES;
				CLANG_WARN_CONSTANT_CONVERSION = YES;
				CLANG_WARN_DIRECT_OBJC_ISA_USAGE = YES_ERROR;
				CLANG_WARN_EMPTY_BODY = YES;
				CLANG_WARN_ENUM_CONVERSION = YES;
				CLANG_WARN_INT_CONVERSION = YES;
				CLANG_WARN_OBJC_ROOT_CLASS = YES_ERROR;
				CLANG_WARN__DUPLICATE_METHOD_MATCH = YES;
				COPY_PHASE_STRIP = YES;
				DEBUG_INFORMATION_FORMAT = "dwarf-with-dsym";
				ENABLE_NS_ASSERTIONS = NO;
				GCC_C_LANGUAGE_STANDARD = gnu99;
				GCC_ENABLE_OBJC_EXCEPTIONS = YES;
				GCC_WARN_64_TO_32_BIT_CONVERSION = YES;
				GCC_WARN_ABOUT_RETURN_TYPE = YES_ERROR;
				GCC_WARN_UNDECLARED_SELECTOR = YES;
				GCC_WARN_UNINITIALIZED_AUTOS = YES_AGGRESSIVE;
				GCC_WARN_UNUSED_FUNCTION = YES;
				GCC_WARN_UNUSED_VARIABLE = YES;
				MACOSX_DEPLOYMENT_TARGET = 10.8;
				SDKROOT = macosx;
			};
			name = Release;
		};
		DD3D329718E0701700962ACE /* Debug */ = {
			isa = XCBuildConfiguration;
			buildSettings = {
				ASSETCATALOG_COMPILER_APPICON_NAME = AppIcon;
				COMBINE_HIDPI_IMAGES = YES;
				GCC_PRECOMPILE_PREFIX_HEADER = YES;
				GCC_PREFIX_HEADER = "Tools/Tools-Prefix.pch";
				INFOPLIST_FILE = "Tools/Tools-Info.plist";
				PRODUCT_NAME = "$(TARGET_NAME)";
				WRAPPER_EXTENSION = app;
			};
			name = Debug;
		};
		DD3D329818E0701700962ACE /* Release */ = {
			isa = XCBuildConfiguration;
			buildSettings = {
				ASSETCATALOG_COMPILER_APPICON_NAME = AppIcon;
				COMBINE_HIDPI_IMAGES = YES;
				GCC_PRECOMPILE_PREFIX_HEADER = YES;
				GCC_PREFIX_HEADER = "Tools/Tools-Prefix.pch";
				INFOPLIST_FILE = "Tools/Tools-Info.plist";
				PRODUCT_NAME = "$(TARGET_NAME)";
				WRAPPER_EXTENSION = app;
			};
			name = Release;
		};
		DD3D329A18E0701700962ACE /* Debug */ = {
			isa = XCBuildConfiguration;
			buildSettings = {
				BUNDLE_LOADER = "$(BUILT_PRODUCTS_DIR)/Tools.app/Contents/MacOS/Tools";
				COMBINE_HIDPI_IMAGES = YES;
				FRAMEWORK_SEARCH_PATHS = (
					"$(DEVELOPER_FRAMEWORKS_DIR)",
					"$(inherited)",
				);
				GCC_PRECOMPILE_PREFIX_HEADER = YES;
				GCC_PREFIX_HEADER = "Tools/Tools-Prefix.pch";
				GCC_PREPROCESSOR_DEFINITIONS = (
					"DEBUG=1",
					"$(inherited)",
				);
				INFOPLIST_FILE = "ToolsTests/ToolsTests-Info.plist";
				PRODUCT_NAME = "$(TARGET_NAME)";
				TEST_HOST = "$(BUNDLE_LOADER)";
				WRAPPER_EXTENSION = xctest;
			};
			name = Debug;
		};
		DD3D329B18E0701700962ACE /* Release */ = {
			isa = XCBuildConfiguration;
			buildSettings = {
				BUNDLE_LOADER = "$(BUILT_PRODUCTS_DIR)/Tools.app/Contents/MacOS/Tools";
				COMBINE_HIDPI_IMAGES = YES;
				FRAMEWORK_SEARCH_PATHS = (
					"$(DEVELOPER_FRAMEWORKS_DIR)",
					"$(inherited)",
				);
				GCC_PRECOMPILE_PREFIX_HEADER = YES;
				GCC_PREFIX_HEADER = "Tools/Tools-Prefix.pch";
				INFOPLIST_FILE = "ToolsTests/ToolsTests-Info.plist";
				PRODUCT_NAME = "$(TARGET_NAME)";
				TEST_HOST = "$(BUNDLE_LOADER)";
				WRAPPER_EXTENSION = xctest;
			};
			name = Release;
		};
/* End XCBuildConfiguration section */

/* Begin XCConfigurationList section */
		DD3D326018E0701700962ACE /* Build configuration list for PBXProject "Tools" */ = {
			isa = XCConfigurationList;
			buildConfigurations = (
				DD3D329418E0701700962ACE /* Debug */,
				DD3D329518E0701700962ACE /* Release */,
			);
			defaultConfigurationIsVisible = 0;
			defaultConfigurationName = Release;
		};
		DD3D329618E0701700962ACE /* Build configuration list for PBXNativeTarget "Tools" */ = {
			isa = XCConfigurationList;
			buildConfigurations = (
				DD3D329718E0701700962ACE /* Debug */,
				DD3D329818E0701700962ACE /* Release */,
			);
			defaultConfigurationIsVisible = 0;
			defaultConfigurationName = Release;
		};
		DD3D329918E0701700962ACE /* Build configuration list for PBXNativeTarget "ToolsTests" */ = {
			isa = XCConfigurationList;
			buildConfigurations = (
				DD3D329A18E0701700962ACE /* Debug */,
				DD3D329B18E0701700962ACE /* Release */,
			);
			defaultConfigurationIsVisible = 0;
			defaultConfigurationName = Release;
		};
/* End XCConfigurationList section */
	};
	rootObject = DD3D325D18E0701700962ACE /* Project object */;
}
